# This file is automatically @generated by Cargo.
# It is not intended for manual editing.
version = 4

[[package]]
name = "quell"
version = "0.1.0"

[[package]]
name = "quellc"
version = "0.1.0"
dependencies = [
 "quell",
]

[[package]]
name = "ship"
version = "0.1.0"
dependencies = [
 "quell",
 "quellc",
]
